github.com/realPy/hogosuru v1.4.0 h1:5ICsDcvBJffhEmq0IzIp7F8SJyYaDkFXH8S69FgSvLc=
github.com/realPy/hogosuru v1.4.0/go.mod h1:N0uMX+J8lYvWZLjKoCRpAXJMvkvAuwj9p1Qev8rC6QA=
github.com/realPy/hogosuru v1.5.0 h1:M4viUl5ZUaOTF2DDJfsjQ3wR/YiAkOYdsSGYkU9es/M=
github.com/realPy/hogosuru v1.5.0/go.mod h1:N0uMX+J8lYvWZLjKoCRpAXJMvkvAuwj9p1Qev8rC6QA=
